<?xml version="1.0" encoding="UTF-8"?>
<Scheme
   LastUpgradeVersion = "2650"
   version = "1.7">
   <BuildAction
      parallelizeBuildables = "YES"
      buildImplicitDependencies = "YES"
      buildArchitectures = "Automatic">
      <BuildActionEntries>
         <BuildActionEntry
            buildForTesting = "YES"
            buildForRunning = "YES"
            buildForProfiling = "YES"
            buildForArchiving = "YES"
            buildForAnalyzing = "YES">
            <BuildableReference
               BuildableIdentifier = "primary"
               BlueprintIdentifier = "0C1168CA29E33FE90066C0D0"
               BuildableName = "engine"
               BlueprintName = "engine"
               ReferencedContainer = "container:engine.xcodeproj">
            </BuildableReference>
         </BuildActionEntry>
      </BuildActionEntries>
   </BuildAction>
   <TestAction
      buildConfiguration = "Release"
      selectedDebuggerIdentifier = ""
      selectedLauncherIdentifier = "Xcode.IDEFoundation.Launcher.PosixSpawn"
      shouldUseLaunchSchemeArgsEnv = "YES"
      shouldAutocreateTestPlan = "YES">
   </TestAction>
   <LaunchAction
      buildConfiguration = "Debug"
      selectedDebuggerIdentifier = "Xcode.DebuggerFoundation.Debugger.LLDB"
      selectedLauncherIdentifier = "Xcode.DebuggerFoundation.Launcher.LLDB"
      customLLDBInitFile = "engine.xcodeproj/lldbinit"
      enableAddressSanitizer = "YES"
      enableASanStackUseAfterReturn = "YES"
      enableUBSanitizer = "YES"
      launchStyle = "0"
      useCustomWorkingDirectory = "YES"
      customWorkingDirectory = "$(PROJECT_DIR)/.."
      ignoresPersistentStateOnLaunch = "YES"
      debugDocumentVersioning = "YES"
      debugServiceExtension = "internal"
      enableGPUShaderValidationMode = "2"
      showGraphicsOverview = "Yes"
      logGraphicsOverview = "Yes"
      allowLocationSimulation = "NO"
      viewDebuggingEnabled = "No">
      <BuildableProductRunnable
         runnableDebuggingMode = "0">
         <BuildableReference
            BuildableIdentifier = "primary"
            BlueprintIdentifier = "0C1168CA29E33FE90066C0D0"
            BuildableName = "engine"
            BlueprintName = "engine"
            ReferencedContainer = "container:engine.xcodeproj">
         </BuildableReference>
      </BuildableProductRunnable>
      <CommandLineArguments>
         <CommandLineArgument
            argument = "ast_basedir=diggers"
            isEnabled = "NO">
         </CommandLineArgument>
         <CommandLineArgument
            argument = "sql_db=diggers/diggers"
            isEnabled = "NO">
         </CommandLineArgument>
         <CommandLineArgument
            argument = "gam_test=-1"
            isEnabled = "NO">
         </CommandLineArgument>
         <CommandLineArgument
            argument = "-"
            isEnabled = "NO">
         </CommandLineArgument>
         <CommandLineArgument
            argument = "log_file=-"
            isEnabled = "YES">
         </CommandLineArgument>
         <CommandLineArgument
            argument = "ast_basedir=test"
            isEnabled = "YES">
         </CommandLineArgument>
         <CommandLineArgument
            argument = "sql_db=test/test"
            isEnabled = "YES">
         </CommandLineArgument>
         <CommandLineArgument
            argument = "lua_script=x/0-http1.lua"
            isEnabled = "NO">
         </CommandLineArgument>
         <CommandLineArgument
            argument = "-"
            isEnabled = "NO">
         </CommandLineArgument>
         <CommandLineArgument
            argument = "ast_basedir=sm"
            isEnabled = "NO">
         </CommandLineArgument>
         <CommandLineArgument
            argument = "sql_db=sm/sm"
            isEnabled = "NO">
         </CommandLineArgument>
      </CommandLineArguments>
      <AdditionalOptions>
         <AdditionalOption
            key = "MallocScribble"
            value = ""
            isEnabled = "YES">
         </AdditionalOption>
         <AdditionalOption
            key = "NSZombieEnabled"
            value = "YES"
            isEnabled = "YES">
         </AdditionalOption>
      </AdditionalOptions>
   </LaunchAction>
   <ProfileAction
      buildConfiguration = "Debug"
      shouldUseLaunchSchemeArgsEnv = "YES"
      savedToolIdentifier = "Leaks"
      useCustomWorkingDirectory = "YES"
      customWorkingDirectory = "$(PROJECT_DIR)/.."
      ignoresPersistentStateOnLaunch = "YES"
      debugDocumentVersioning = "NO"
      enableTestabilityWhenProfilingTests = "No">
      <BuildableProductRunnable
         runnableDebuggingMode = "0">
         <BuildableReference
            BuildableIdentifier = "primary"
            BlueprintIdentifier = "0C1168CA29E33FE90066C0D0"
            BuildableName = "engine"
            BlueprintName = "engine"
            ReferencedContainer = "container:engine.xcodeproj">
         </BuildableReference>
      </BuildableProductRunnable>
   </ProfileAction>
   <AnalyzeAction
      buildConfiguration = "Debug">
   </AnalyzeAction>
   <ArchiveAction
      buildConfiguration = "Release"
      revealArchiveInOrganizer = "YES">
   </ArchiveAction>
</Scheme>
